
Microsoft Visual Studio Solution File, Format Version 12.00
# Visual Studio Version 17
VisualStudioVersion = 17.12.35527.113
MinimumVisualStudioVersion = 10.0.40219.1
Project("{FAE04EC0-301F-11D3-BF4B-00C04F79EFBC}") = "Products.Api", "Products.Api\Products.Api.csproj", "{F4559CE4-2BD2-42CF-85A2-A9E1C6EE553A}"
EndProject
Project("{2150E333-8FDC-42A3-9474-1A3956D46DE8}") = "ProductService", "ProductService", "{9572D9AF-B7DB-4BD8-859B-E711EE5232EF}"
EndProject
Project("{2150E333-8FDC-42A3-9474-1A3956D46DE8}") = "PurchaseService", "PurchaseService", "{8F6F31C9-3943-42A7-882C-61ED464FB8EB}"
EndProject
Project("{2150E333-8FDC-42A3-9474-1A3956D46DE8}") = "SalesService", "SalesService", "{F539008C-9DF1-4452-92D3-D0493815A9C4}"
EndProject
Project("{2150E333-8FDC-42A3-9474-1A3956D46DE8}") = "MovementService", "MovementService", "{0EF0A2D5-F7E6-40AE-A92F-5E27C4F2B389}"
EndProject
Project("{FAE04EC0-301F-11D3-BF4B-00C04F79EFBC}") = "Products.Api.Services", "Products.Api.Services\Products.Api.Services.csproj", "{10E35DA2-2CBD-4F9D-AF7A-7FC1BC3DB7EE}"
EndProject
Project("{FAE04EC0-301F-11D3-BF4B-00C04F79EFBC}") = "Products.Repositories", "Products.Repositories\Products.Repositories.csproj", "{B4455E21-1412-46C3-9BAE-8C4A3DFC668E}"
EndProject
Project("{FAE04EC0-301F-11D3-BF4B-00C04F79EFBC}") = "Products.Infraestructure", "Products.Infraestructure\Products.Infraestructure.csproj", "{56E2B899-D649-4781-A90D-BE0BA32015DA}"
EndProject
Project("{2150E333-8FDC-42A3-9474-1A3956D46DE8}") = "AuthService", "AuthService", "{A41B03C5-D0D6-40ED-8EF9-AFD5678DB49D}"
EndProject
Project("{FAE04EC0-301F-11D3-BF4B-00C04F79EFBC}") = "Auth.Api", "Auth.Api\Auth.Api.csproj", "{4594C92E-CA35-4AAD-821C-51F4FD036D8A}"
EndProject
Project("{FAE04EC0-301F-11D3-BF4B-00C04F79EFBC}") = "Auth.Api.Services", "Auth.Api.Services\Auth.Api.Services.csproj", "{9B28BE1D-9CAB-4D81-A4F6-A80E4ADAEA72}"
EndProject
Project("{FAE04EC0-301F-11D3-BF4B-00C04F79EFBC}") = "Auth.Repositories", "Auth.Repositories\Auth.Repositories.csproj", "{828857DA-CE15-449A-9CFE-225EE7CB34AF}"
EndProject
Project("{FAE04EC0-301F-11D3-BF4B-00C04F79EFBC}") = "Auth.Infraestructure", "Auth.Infraestructure\Auth.Infraestructure.csproj", "{0A74E987-69A2-46B5-B96D-7093251DB164}"
EndProject
Project("{FAE04EC0-301F-11D3-BF4B-00C04F79EFBC}") = "Auth.Domain.Services", "Auth.Domain.Services\Auth.Domain.Services.csproj", "{3386CEB1-EF05-4852-876D-6C6FC54EE63D}"
EndProject
Project("{FAE04EC0-301F-11D3-BF4B-00C04F79EFBC}") = "Core", "Core\Core.csproj", "{B0905D79-73CF-4D99-B065-5F4850C26A61}"
EndProject
Project("{2150E333-8FDC-42A3-9474-1A3956D46DE8}") = "Solution Items", "Solution Items", "{1D2AB38D-9A61-45F6-A2EC-6F4377B1CE91}"
	ProjectSection(SolutionItems) = preProject
		.editorconfig = .editorconfig
	EndProjectSection
EndProject
Project("{FAE04EC0-301F-11D3-BF4B-00C04F79EFBC}") = "Purchase.Api", "Purchase.Api\Purchase.Api.csproj", "{4D401287-C7F1-492C-BC4B-0A49E3F4A311}"
EndProject
Project("{FAE04EC0-301F-11D3-BF4B-00C04F79EFBC}") = "Sales.Api", "Sales.Api\Sales.Api.csproj", "{6D7074F7-45B8-4FD0-8C86-8EB2088AE3CC}"
EndProject
Project("{FAE04EC0-301F-11D3-BF4B-00C04F79EFBC}") = "Movement.Api", "Movement.Api\Movement.Api.csproj", "{2C0D9BDB-996B-43B9-8834-36B3A398F403}"
EndProject
Project("{FAE04EC0-301F-11D3-BF4B-00C04F79EFBC}") = "Purchase.Api.Services", "Purchase.Api.Services\Purchase.Api.Services.csproj", "{A4F8A9AF-ADAF-4BBC-9360-0549EB24E4F6}"
EndProject
Project("{FAE04EC0-301F-11D3-BF4B-00C04F79EFBC}") = "Purchase.Domain.Services", "Purchase.Domain.Services\Purchase.Domain.Services.csproj", "{11371F99-7746-4B3D-9441-2DCD84099E1D}"
EndProject
Project("{FAE04EC0-301F-11D3-BF4B-00C04F79EFBC}") = "Purchase.Infraestructure", "Purchase.Infraestructure\Purchase.Infraestructure.csproj", "{134C1954-51EA-40D3-B8D6-C0A5ACFC397F}"
EndProject
Project("{FAE04EC0-301F-11D3-BF4B-00C04F79EFBC}") = "Purchase.Repositories", "Purchase.Repositories\Purchase.Repositories.csproj", "{F286A51B-C9C8-4191-9A9A-65364DB49E7C}"
EndProject
Project("{FAE04EC0-301F-11D3-BF4B-00C04F79EFBC}") = "Sales.Api.Services", "Sales.Api.Services\Sales.Api.Services.csproj", "{94BE9145-D072-4ED8-AE4D-76CBD8228105}"
EndProject
Project("{FAE04EC0-301F-11D3-BF4B-00C04F79EFBC}") = "Sales.Domain.Services", "Sales.Domain.Services\Sales.Domain.Services.csproj", "{5BFB60EF-EDE1-4054-AC38-29BB138D8489}"
EndProject
Project("{FAE04EC0-301F-11D3-BF4B-00C04F79EFBC}") = "Sales.Infraestructure", "Sales.Infraestructure\Sales.Infraestructure.csproj", "{3DBAF528-A08B-4381-8FFE-D8F24BAF3189}"
EndProject
Project("{FAE04EC0-301F-11D3-BF4B-00C04F79EFBC}") = "Sales.Repositories", "Sales.Repositories\Sales.Repositories.csproj", "{6E410F92-A29C-4555-A471-994CC853EDCF}"
EndProject
Project("{FAE04EC0-301F-11D3-BF4B-00C04F79EFBC}") = "Movement.Api.Services", "Movement.Api.Services\Movement.Api.Services.csproj", "{8766ECB4-7541-4D0F-8234-FFD96B84C463}"
EndProject
Project("{FAE04EC0-301F-11D3-BF4B-00C04F79EFBC}") = "Movement.Domain.Services", "Movement.Domain.Services\Movement.Domain.Services.csproj", "{5C205573-EE7F-45EF-921D-6D6E7109799B}"
EndProject
Project("{FAE04EC0-301F-11D3-BF4B-00C04F79EFBC}") = "Movement.Infraestructure", "Movement.Infraestructure\Movement.Infraestructure.csproj", "{8A779721-8D9A-4B0A-A12D-C2131BC771D5}"
EndProject
Project("{FAE04EC0-301F-11D3-BF4B-00C04F79EFBC}") = "Movement.Repositories", "Movement.Repositories\Movement.Repositories.csproj", "{13724393-CEF5-4AA2-931B-3CCE4A816D91}"
EndProject
Project("{2150E333-8FDC-42A3-9474-1A3956D46DE8}") = "Domain", "Domain", "{FA2BADD8-E913-4BCA-86B3-8EB21EAE7985}"
EndProject
Project("{FAE04EC0-301F-11D3-BF4B-00C04F79EFBC}") = "Purchase.Domain.Model", "Purchase.Domain.Model\Purchase.Domain.Model.csproj", "{AEDB33FB-BBA8-4574-AAE9-2BB11882DADF}"
EndProject
Project("{2150E333-8FDC-42A3-9474-1A3956D46DE8}") = "Domain", "Domain", "{5A99E9EF-4469-44A8-A9F7-4CC8725943AA}"
EndProject
Project("{FAE04EC0-301F-11D3-BF4B-00C04F79EFBC}") = "Movement.Domain.Model", "Movement.Domain.Models\Movement.Domain.Model.csproj", "{465C2C6D-38E4-4686-A58F-4EE00C029363}"
EndProject
Project("{2150E333-8FDC-42A3-9474-1A3956D46DE8}") = "Service", "Service", "{EFB2D00E-01BC-4225-97F1-A5731A1BD063}"
EndProject
Project("{FAE04EC0-301F-11D3-BF4B-00C04F79EFBC}") = "Movement.Api.Model", "Movement.Api.Models\Movement.Api.Model.csproj", "{7734BDF3-23AF-4518-8385-6C4E5D8441D9}"
EndProject
Project("{2150E333-8FDC-42A3-9474-1A3956D46DE8}") = "Domain", "Domain", "{336EB7AF-D9D8-4B67-B731-C5B271240F82}"
EndProject
Project("{2150E333-8FDC-42A3-9474-1A3956D46DE8}") = "Service", "Service", "{B61DACD4-F031-4CF5-9596-A95ED0A10FB2}"
EndProject
Project("{FAE04EC0-301F-11D3-BF4B-00C04F79EFBC}") = "Products.Domain.Model", "Products.Domain.Model\Products.Domain.Model.csproj", "{7A36DBFE-CE76-4A82-99F3-8BD9DB850C55}"
EndProject
Project("{FAE04EC0-301F-11D3-BF4B-00C04F79EFBC}") = "Products.Api.Model", "Products.Api.Model\Products.Api.Model.csproj", "{2D79FCAC-E894-4A6A-B260-B6B4551E7976}"
EndProject
Project("{2150E333-8FDC-42A3-9474-1A3956D46DE8}") = "Service", "Service", "{09A0320A-3341-4016-AB0D-EDE8B3F6DC75}"
EndProject
Project("{FAE04EC0-301F-11D3-BF4B-00C04F79EFBC}") = "Purchase.Api.Model", "Purchase.Api.Model\Purchase.Api.Model.csproj", "{80987273-D4F1-403A-9BC8-231120A0925C}"
EndProject
Project("{2150E333-8FDC-42A3-9474-1A3956D46DE8}") = "Domain", "Domain", "{9E420F81-10E6-4BE0-99F9-45F8318887E6}"
EndProject
Project("{2150E333-8FDC-42A3-9474-1A3956D46DE8}") = "Service", "Service", "{825D7E7E-95F4-40FC-BD7E-81A9C8E6E4A5}"
EndProject
Project("{FAE04EC0-301F-11D3-BF4B-00C04F79EFBC}") = "Sales.Domain.Model", "Sales.Domain.Model\Sales.Domain.Model.csproj", "{8B062E89-2640-4036-91DB-92DA80DA4683}"
EndProject
Project("{FAE04EC0-301F-11D3-BF4B-00C04F79EFBC}") = "Sales.Api.Model", "Sales.Api.Model\Sales.Api.Model.csproj", "{445E87D0-286E-42DE-8698-B06E9D160109}"
EndProject
Project("{FAE04EC0-301F-11D3-BF4B-00C04F79EFBC}") = "Products.Domain.Services", "Products.Domain.Services\Products.Domain.Services.csproj", "{4564AA76-0BF7-498C-BA88-49D2E94DA1A3}"
EndProject
Global
	GlobalSection(SolutionConfigurationPlatforms) = preSolution
		Debug|Any CPU = Debug|Any CPU
		Release|Any CPU = Release|Any CPU
	EndGlobalSection
	GlobalSection(ProjectConfigurationPlatforms) = postSolution
		{F4559CE4-2BD2-42CF-85A2-A9E1C6EE553A}.Debug|Any CPU.ActiveCfg = Debug|Any CPU
		{F4559CE4-2BD2-42CF-85A2-A9E1C6EE553A}.Debug|Any CPU.Build.0 = Debug|Any CPU
		{F4559CE4-2BD2-42CF-85A2-A9E1C6EE553A}.Release|Any CPU.ActiveCfg = Release|Any CPU
		{F4559CE4-2BD2-42CF-85A2-A9E1C6EE553A}.Release|Any CPU.Build.0 = Release|Any CPU
		{10E35DA2-2CBD-4F9D-AF7A-7FC1BC3DB7EE}.Debug|Any CPU.ActiveCfg = Debug|Any CPU
		{10E35DA2-2CBD-4F9D-AF7A-7FC1BC3DB7EE}.Debug|Any CPU.Build.0 = Debug|Any CPU
		{10E35DA2-2CBD-4F9D-AF7A-7FC1BC3DB7EE}.Release|Any CPU.ActiveCfg = Release|Any CPU
		{10E35DA2-2CBD-4F9D-AF7A-7FC1BC3DB7EE}.Release|Any CPU.Build.0 = Release|Any CPU
		{B4455E21-1412-46C3-9BAE-8C4A3DFC668E}.Debug|Any CPU.ActiveCfg = Debug|Any CPU
		{B4455E21-1412-46C3-9BAE-8C4A3DFC668E}.Debug|Any CPU.Build.0 = Debug|Any CPU
		{B4455E21-1412-46C3-9BAE-8C4A3DFC668E}.Release|Any CPU.ActiveCfg = Release|Any CPU
		{B4455E21-1412-46C3-9BAE-8C4A3DFC668E}.Release|Any CPU.Build.0 = Release|Any CPU
		{56E2B899-D649-4781-A90D-BE0BA32015DA}.Debug|Any CPU.ActiveCfg = Debug|Any CPU
		{56E2B899-D649-4781-A90D-BE0BA32015DA}.Debug|Any CPU.Build.0 = Debug|Any CPU
		{56E2B899-D649-4781-A90D-BE0BA32015DA}.Release|Any CPU.ActiveCfg = Release|Any CPU
		{56E2B899-D649-4781-A90D-BE0BA32015DA}.Release|Any CPU.Build.0 = Release|Any CPU
		{4594C92E-CA35-4AAD-821C-51F4FD036D8A}.Debug|Any CPU.ActiveCfg = Debug|Any CPU
		{4594C92E-CA35-4AAD-821C-51F4FD036D8A}.Debug|Any CPU.Build.0 = Debug|Any CPU
		{4594C92E-CA35-4AAD-821C-51F4FD036D8A}.Release|Any CPU.ActiveCfg = Release|Any CPU
		{4594C92E-CA35-4AAD-821C-51F4FD036D8A}.Release|Any CPU.Build.0 = Release|Any CPU
		{9B28BE1D-9CAB-4D81-A4F6-A80E4ADAEA72}.Debug|Any CPU.ActiveCfg = Debug|Any CPU
		{9B28BE1D-9CAB-4D81-A4F6-A80E4ADAEA72}.Debug|Any CPU.Build.0 = Debug|Any CPU
		{9B28BE1D-9CAB-4D81-A4F6-A80E4ADAEA72}.Release|Any CPU.ActiveCfg = Release|Any CPU
		{9B28BE1D-9CAB-4D81-A4F6-A80E4ADAEA72}.Release|Any CPU.Build.0 = Release|Any CPU
		{828857DA-CE15-449A-9CFE-225EE7CB34AF}.Debug|Any CPU.ActiveCfg = Debug|Any CPU
		{828857DA-CE15-449A-9CFE-225EE7CB34AF}.Debug|Any CPU.Build.0 = Debug|Any CPU
		{828857DA-CE15-449A-9CFE-225EE7CB34AF}.Release|Any CPU.ActiveCfg = Release|Any CPU
		{828857DA-CE15-449A-9CFE-225EE7CB34AF}.Release|Any CPU.Build.0 = Release|Any CPU
		{0A74E987-69A2-46B5-B96D-7093251DB164}.Debug|Any CPU.ActiveCfg = Debug|Any CPU
		{0A74E987-69A2-46B5-B96D-7093251DB164}.Debug|Any CPU.Build.0 = Debug|Any CPU
		{0A74E987-69A2-46B5-B96D-7093251DB164}.Release|Any CPU.ActiveCfg = Release|Any CPU
		{0A74E987-69A2-46B5-B96D-7093251DB164}.Release|Any CPU.Build.0 = Release|Any CPU
		{3386CEB1-EF05-4852-876D-6C6FC54EE63D}.Debug|Any CPU.ActiveCfg = Debug|Any CPU
		{3386CEB1-EF05-4852-876D-6C6FC54EE63D}.Debug|Any CPU.Build.0 = Debug|Any CPU
		{3386CEB1-EF05-4852-876D-6C6FC54EE63D}.Release|Any CPU.ActiveCfg = Release|Any CPU
		{3386CEB1-EF05-4852-876D-6C6FC54EE63D}.Release|Any CPU.Build.0 = Release|Any CPU
		{B0905D79-73CF-4D99-B065-5F4850C26A61}.Debug|Any CPU.ActiveCfg = Debug|Any CPU
		{B0905D79-73CF-4D99-B065-5F4850C26A61}.Debug|Any CPU.Build.0 = Debug|Any CPU
		{B0905D79-73CF-4D99-B065-5F4850C26A61}.Release|Any CPU.ActiveCfg = Release|Any CPU
		{B0905D79-73CF-4D99-B065-5F4850C26A61}.Release|Any CPU.Build.0 = Release|Any CPU
		{4D401287-C7F1-492C-BC4B-0A49E3F4A311}.Debug|Any CPU.ActiveCfg = Debug|Any CPU
		{4D401287-C7F1-492C-BC4B-0A49E3F4A311}.Debug|Any CPU.Build.0 = Debug|Any CPU
		{4D401287-C7F1-492C-BC4B-0A49E3F4A311}.Release|Any CPU.ActiveCfg = Release|Any CPU
		{4D401287-C7F1-492C-BC4B-0A49E3F4A311}.Release|Any CPU.Build.0 = Release|Any CPU
		{6D7074F7-45B8-4FD0-8C86-8EB2088AE3CC}.Debug|Any CPU.ActiveCfg = Debug|Any CPU
		{6D7074F7-45B8-4FD0-8C86-8EB2088AE3CC}.Debug|Any CPU.Build.0 = Debug|Any CPU
		{6D7074F7-45B8-4FD0-8C86-8EB2088AE3CC}.Release|Any CPU.ActiveCfg = Release|Any CPU
		{6D7074F7-45B8-4FD0-8C86-8EB2088AE3CC}.Release|Any CPU.Build.0 = Release|Any CPU
		{2C0D9BDB-996B-43B9-8834-36B3A398F403}.Debug|Any CPU.ActiveCfg = Debug|Any CPU
		{2C0D9BDB-996B-43B9-8834-36B3A398F403}.Debug|Any CPU.Build.0 = Debug|Any CPU
		{2C0D9BDB-996B-43B9-8834-36B3A398F403}.Release|Any CPU.ActiveCfg = Release|Any CPU
		{2C0D9BDB-996B-43B9-8834-36B3A398F403}.Release|Any CPU.Build.0 = Release|Any CPU
		{A4F8A9AF-ADAF-4BBC-9360-0549EB24E4F6}.Debug|Any CPU.ActiveCfg = Debug|Any CPU
		{A4F8A9AF-ADAF-4BBC-9360-0549EB24E4F6}.Debug|Any CPU.Build.0 = Debug|Any CPU
		{A4F8A9AF-ADAF-4BBC-9360-0549EB24E4F6}.Release|Any CPU.ActiveCfg = Release|Any CPU
		{A4F8A9AF-ADAF-4BBC-9360-0549EB24E4F6}.Release|Any CPU.Build.0 = Release|Any CPU
		{11371F99-7746-4B3D-9441-2DCD84099E1D}.Debug|Any CPU.ActiveCfg = Debug|Any CPU
		{11371F99-7746-4B3D-9441-2DCD84099E1D}.Debug|Any CPU.Build.0 = Debug|Any CPU
		{11371F99-7746-4B3D-9441-2DCD84099E1D}.Release|Any CPU.ActiveCfg = Release|Any CPU
		{11371F99-7746-4B3D-9441-2DCD84099E1D}.Release|Any CPU.Build.0 = Release|Any CPU
		{134C1954-51EA-40D3-B8D6-C0A5ACFC397F}.Debug|Any CPU.ActiveCfg = Debug|Any CPU
		{134C1954-51EA-40D3-B8D6-C0A5ACFC397F}.Debug|Any CPU.Build.0 = Debug|Any CPU
		{134C1954-51EA-40D3-B8D6-C0A5ACFC397F}.Release|Any CPU.ActiveCfg = Release|Any CPU
		{134C1954-51EA-40D3-B8D6-C0A5ACFC397F}.Release|Any CPU.Build.0 = Release|Any CPU
		{F286A51B-C9C8-4191-9A9A-65364DB49E7C}.Debug|Any CPU.ActiveCfg = Debug|Any CPU
		{F286A51B-C9C8-4191-9A9A-65364DB49E7C}.Debug|Any CPU.Build.0 = Debug|Any CPU
		{F286A51B-C9C8-4191-9A9A-65364DB49E7C}.Release|Any CPU.ActiveCfg = Release|Any CPU
		{F286A51B-C9C8-4191-9A9A-65364DB49E7C}.Release|Any CPU.Build.0 = Release|Any CPU
		{94BE9145-D072-4ED8-AE4D-76CBD8228105}.Debug|Any CPU.ActiveCfg = Debug|Any CPU
		{94BE9145-D072-4ED8-AE4D-76CBD8228105}.Debug|Any CPU.Build.0 = Debug|Any CPU
		{94BE9145-D072-4ED8-AE4D-76CBD8228105}.Release|Any CPU.ActiveCfg = Release|Any CPU
		{94BE9145-D072-4ED8-AE4D-76CBD8228105}.Release|Any CPU.Build.0 = Release|Any CPU
		{5BFB60EF-EDE1-4054-AC38-29BB138D8489}.Debug|Any CPU.ActiveCfg = Debug|Any CPU
		{5BFB60EF-EDE1-4054-AC38-29BB138D8489}.Debug|Any CPU.Build.0 = Debug|Any CPU
		{5BFB60EF-EDE1-4054-AC38-29BB138D8489}.Release|Any CPU.ActiveCfg = Release|Any CPU
		{5BFB60EF-EDE1-4054-AC38-29BB138D8489}.Release|Any CPU.Build.0 = Release|Any CPU
		{3DBAF528-A08B-4381-8FFE-D8F24BAF3189}.Debug|Any CPU.ActiveCfg = Debug|Any CPU
		{3DBAF528-A08B-4381-8FFE-D8F24BAF3189}.Debug|Any CPU.Build.0 = Debug|Any CPU
		{3DBAF528-A08B-4381-8FFE-D8F24BAF3189}.Release|Any CPU.ActiveCfg = Release|Any CPU
		{3DBAF528-A08B-4381-8FFE-D8F24BAF3189}.Release|Any CPU.Build.0 = Release|Any CPU
		{6E410F92-A29C-4555-A471-994CC853EDCF}.Debug|Any CPU.ActiveCfg = Debug|Any CPU
		{6E410F92-A29C-4555-A471-994CC853EDCF}.Debug|Any CPU.Build.0 = Debug|Any CPU
		{6E410F92-A29C-4555-A471-994CC853EDCF}.Release|Any CPU.ActiveCfg = Release|Any CPU
		{6E410F92-A29C-4555-A471-994CC853EDCF}.Release|Any CPU.Build.0 = Release|Any CPU
		{8766ECB4-7541-4D0F-8234-FFD96B84C463}.Debug|Any CPU.ActiveCfg = Debug|Any CPU
		{8766ECB4-7541-4D0F-8234-FFD96B84C463}.Debug|Any CPU.Build.0 = Debug|Any CPU
		{8766ECB4-7541-4D0F-8234-FFD96B84C463}.Release|Any CPU.ActiveCfg = Release|Any CPU
		{8766ECB4-7541-4D0F-8234-FFD96B84C463}.Release|Any CPU.Build.0 = Release|Any CPU
		{5C205573-EE7F-45EF-921D-6D6E7109799B}.Debug|Any CPU.ActiveCfg = Debug|Any CPU
		{5C205573-EE7F-45EF-921D-6D6E7109799B}.Debug|Any CPU.Build.0 = Debug|Any CPU
		{5C205573-EE7F-45EF-921D-6D6E7109799B}.Release|Any CPU.ActiveCfg = Release|Any CPU
		{5C205573-EE7F-45EF-921D-6D6E7109799B}.Release|Any CPU.Build.0 = Release|Any CPU
		{8A779721-8D9A-4B0A-A12D-C2131BC771D5}.Debug|Any CPU.ActiveCfg = Debug|Any CPU
		{8A779721-8D9A-4B0A-A12D-C2131BC771D5}.Debug|Any CPU.Build.0 = Debug|Any CPU
		{8A779721-8D9A-4B0A-A12D-C2131BC771D5}.Release|Any CPU.ActiveCfg = Release|Any CPU
		{8A779721-8D9A-4B0A-A12D-C2131BC771D5}.Release|Any CPU.Build.0 = Release|Any CPU
		{13724393-CEF5-4AA2-931B-3CCE4A816D91}.Debug|Any CPU.ActiveCfg = Debug|Any CPU
		{13724393-CEF5-4AA2-931B-3CCE4A816D91}.Debug|Any CPU.Build.0 = Debug|Any CPU
		{13724393-CEF5-4AA2-931B-3CCE4A816D91}.Release|Any CPU.ActiveCfg = Release|Any CPU
		{13724393-CEF5-4AA2-931B-3CCE4A816D91}.Release|Any CPU.Build.0 = Release|Any CPU
		{AEDB33FB-BBA8-4574-AAE9-2BB11882DADF}.Debug|Any CPU.ActiveCfg = Debug|Any CPU
		{AEDB33FB-BBA8-4574-AAE9-2BB11882DADF}.Debug|Any CPU.Build.0 = Debug|Any CPU
		{AEDB33FB-BBA8-4574-AAE9-2BB11882DADF}.Release|Any CPU.ActiveCfg = Release|Any CPU
		{AEDB33FB-BBA8-4574-AAE9-2BB11882DADF}.Release|Any CPU.Build.0 = Release|Any CPU
		{465C2C6D-38E4-4686-A58F-4EE00C029363}.Debug|Any CPU.ActiveCfg = Debug|Any CPU
		{465C2C6D-38E4-4686-A58F-4EE00C029363}.Debug|Any CPU.Build.0 = Debug|Any CPU
		{465C2C6D-38E4-4686-A58F-4EE00C029363}.Release|Any CPU.ActiveCfg = Release|Any CPU
		{465C2C6D-38E4-4686-A58F-4EE00C029363}.Release|Any CPU.Build.0 = Release|Any CPU
		{7734BDF3-23AF-4518-8385-6C4E5D8441D9}.Debug|Any CPU.ActiveCfg = Debug|Any CPU
		{7734BDF3-23AF-4518-8385-6C4E5D8441D9}.Debug|Any CPU.Build.0 = Debug|Any CPU
		{7734BDF3-23AF-4518-8385-6C4E5D8441D9}.Release|Any CPU.ActiveCfg = Release|Any CPU
		{7734BDF3-23AF-4518-8385-6C4E5D8441D9}.Release|Any CPU.Build.0 = Release|Any CPU
		{7A36DBFE-CE76-4A82-99F3-8BD9DB850C55}.Debug|Any CPU.ActiveCfg = Debug|Any CPU
		{7A36DBFE-CE76-4A82-99F3-8BD9DB850C55}.Debug|Any CPU.Build.0 = Debug|Any CPU
		{7A36DBFE-CE76-4A82-99F3-8BD9DB850C55}.Release|Any CPU.ActiveCfg = Release|Any CPU
		{7A36DBFE-CE76-4A82-99F3-8BD9DB850C55}.Release|Any CPU.Build.0 = Release|Any CPU
		{2D79FCAC-E894-4A6A-B260-B6B4551E7976}.Debug|Any CPU.ActiveCfg = Debug|Any CPU
		{2D79FCAC-E894-4A6A-B260-B6B4551E7976}.Debug|Any CPU.Build.0 = Debug|Any CPU
		{2D79FCAC-E894-4A6A-B260-B6B4551E7976}.Release|Any CPU.ActiveCfg = Release|Any CPU
		{2D79FCAC-E894-4A6A-B260-B6B4551E7976}.Release|Any CPU.Build.0 = Release|Any CPU
		{80987273-D4F1-403A-9BC8-231120A0925C}.Debug|Any CPU.ActiveCfg = Debug|Any CPU
		{80987273-D4F1-403A-9BC8-231120A0925C}.Debug|Any CPU.Build.0 = Debug|Any CPU
		{80987273-D4F1-403A-9BC8-231120A0925C}.Release|Any CPU.ActiveCfg = Release|Any CPU
		{80987273-D4F1-403A-9BC8-231120A0925C}.Release|Any CPU.Build.0 = Release|Any CPU
		{8B062E89-2640-4036-91DB-92DA80DA4683}.Debug|Any CPU.ActiveCfg = Debug|Any CPU
		{8B062E89-2640-4036-91DB-92DA80DA4683}.Debug|Any CPU.Build.0 = Debug|Any CPU
		{8B062E89-2640-4036-91DB-92DA80DA4683}.Release|Any CPU.ActiveCfg = Release|Any CPU
		{8B062E89-2640-4036-91DB-92DA80DA4683}.Release|Any CPU.Build.0 = Release|Any CPU
		{445E87D0-286E-42DE-8698-B06E9D160109}.Debug|Any CPU.ActiveCfg = Debug|Any CPU
		{445E87D0-286E-42DE-8698-B06E9D160109}.Debug|Any CPU.Build.0 = Debug|Any CPU
		{445E87D0-286E-42DE-8698-B06E9D160109}.Release|Any CPU.ActiveCfg = Release|Any CPU
		{445E87D0-286E-42DE-8698-B06E9D160109}.Release|Any CPU.Build.0 = Release|Any CPU
		{4564AA76-0BF7-498C-BA88-49D2E94DA1A3}.Debug|Any CPU.ActiveCfg = Debug|Any CPU
		{4564AA76-0BF7-498C-BA88-49D2E94DA1A3}.Debug|Any CPU.Build.0 = Debug|Any CPU
		{4564AA76-0BF7-498C-BA88-49D2E94DA1A3}.Release|Any CPU.ActiveCfg = Release|Any CPU
		{4564AA76-0BF7-498C-BA88-49D2E94DA1A3}.Release|Any CPU.Build.0 = Release|Any CPU
	EndGlobalSection
	GlobalSection(SolutionProperties) = preSolution
		HideSolutionNode = FALSE
	EndGlobalSection
	GlobalSection(NestedProjects) = preSolution
		{F4559CE4-2BD2-42CF-85A2-A9E1C6EE553A} = {9572D9AF-B7DB-4BD8-859B-E711EE5232EF}
		{10E35DA2-2CBD-4F9D-AF7A-7FC1BC3DB7EE} = {B61DACD4-F031-4CF5-9596-A95ED0A10FB2}
		{B4455E21-1412-46C3-9BAE-8C4A3DFC668E} = {9572D9AF-B7DB-4BD8-859B-E711EE5232EF}
		{56E2B899-D649-4781-A90D-BE0BA32015DA} = {9572D9AF-B7DB-4BD8-859B-E711EE5232EF}
		{4594C92E-CA35-4AAD-821C-51F4FD036D8A} = {A41B03C5-D0D6-40ED-8EF9-AFD5678DB49D}
		{9B28BE1D-9CAB-4D81-A4F6-A80E4ADAEA72} = {A41B03C5-D0D6-40ED-8EF9-AFD5678DB49D}
		{828857DA-CE15-449A-9CFE-225EE7CB34AF} = {A41B03C5-D0D6-40ED-8EF9-AFD5678DB49D}
		{0A74E987-69A2-46B5-B96D-7093251DB164} = {A41B03C5-D0D6-40ED-8EF9-AFD5678DB49D}
		{3386CEB1-EF05-4852-876D-6C6FC54EE63D} = {A41B03C5-D0D6-40ED-8EF9-AFD5678DB49D}
		{4D401287-C7F1-492C-BC4B-0A49E3F4A311} = {8F6F31C9-3943-42A7-882C-61ED464FB8EB}
		{6D7074F7-45B8-4FD0-8C86-8EB2088AE3CC} = {F539008C-9DF1-4452-92D3-D0493815A9C4}
		{2C0D9BDB-996B-43B9-8834-36B3A398F403} = {0EF0A2D5-F7E6-40AE-A92F-5E27C4F2B389}
		{A4F8A9AF-ADAF-4BBC-9360-0549EB24E4F6} = {09A0320A-3341-4016-AB0D-EDE8B3F6DC75}
		{11371F99-7746-4B3D-9441-2DCD84099E1D} = {FA2BADD8-E913-4BCA-86B3-8EB21EAE7985}
		{134C1954-51EA-40D3-B8D6-C0A5ACFC397F} = {8F6F31C9-3943-42A7-882C-61ED464FB8EB}
		{F286A51B-C9C8-4191-9A9A-65364DB49E7C} = {8F6F31C9-3943-42A7-882C-61ED464FB8EB}
		{94BE9145-D072-4ED8-AE4D-76CBD8228105} = {825D7E7E-95F4-40FC-BD7E-81A9C8E6E4A5}
		{5BFB60EF-EDE1-4054-AC38-29BB138D8489} = {9E420F81-10E6-4BE0-99F9-45F8318887E6}
		{3DBAF528-A08B-4381-8FFE-D8F24BAF3189} = {F539008C-9DF1-4452-92D3-D0493815A9C4}
		{6E410F92-A29C-4555-A471-994CC853EDCF} = {F539008C-9DF1-4452-92D3-D0493815A9C4}
		{8766ECB4-7541-4D0F-8234-FFD96B84C463} = {EFB2D00E-01BC-4225-97F1-A5731A1BD063}
		{5C205573-EE7F-45EF-921D-6D6E7109799B} = {5A99E9EF-4469-44A8-A9F7-4CC8725943AA}
		{8A779721-8D9A-4B0A-A12D-C2131BC771D5} = {0EF0A2D5-F7E6-40AE-A92F-5E27C4F2B389}
		{13724393-CEF5-4AA2-931B-3CCE4A816D91} = {0EF0A2D5-F7E6-40AE-A92F-5E27C4F2B389}
		{FA2BADD8-E913-4BCA-86B3-8EB21EAE7985} = {8F6F31C9-3943-42A7-882C-61ED464FB8EB}
		{AEDB33FB-BBA8-4574-AAE9-2BB11882DADF} = {FA2BADD8-E913-4BCA-86B3-8EB21EAE7985}
		{5A99E9EF-4469-44A8-A9F7-4CC8725943AA} = {0EF0A2D5-F7E6-40AE-A92F-5E27C4F2B389}
		{465C2C6D-38E4-4686-A58F-4EE00C029363} = {5A99E9EF-4469-44A8-A9F7-4CC8725943AA}
		{EFB2D00E-01BC-4225-97F1-A5731A1BD063} = {0EF0A2D5-F7E6-40AE-A92F-5E27C4F2B389}
		{7734BDF3-23AF-4518-8385-6C4E5D8441D9} = {EFB2D00E-01BC-4225-97F1-A5731A1BD063}
		{336EB7AF-D9D8-4B67-B731-C5B271240F82} = {9572D9AF-B7DB-4BD8-859B-E711EE5232EF}
		{B61DACD4-F031-4CF5-9596-A95ED0A10FB2} = {9572D9AF-B7DB-4BD8-859B-E711EE5232EF}
		{7A36DBFE-CE76-4A82-99F3-8BD9DB850C55} = {336EB7AF-D9D8-4B67-B731-C5B271240F82}
		{2D79FCAC-E894-4A6A-B260-B6B4551E7976} = {B61DACD4-F031-4CF5-9596-A95ED0A10FB2}
		{09A0320A-3341-4016-AB0D-EDE8B3F6DC75} = {8F6F31C9-3943-42A7-882C-61ED464FB8EB}
		{80987273-D4F1-403A-9BC8-231120A0925C} = {09A0320A-3341-4016-AB0D-EDE8B3F6DC75}
		{9E420F81-10E6-4BE0-99F9-45F8318887E6} = {F539008C-9DF1-4452-92D3-D0493815A9C4}
		{825D7E7E-95F4-40FC-BD7E-81A9C8E6E4A5} = {F539008C-9DF1-4452-92D3-D0493815A9C4}
		{8B062E89-2640-4036-91DB-92DA80DA4683} = {9E420F81-10E6-4BE0-99F9-45F8318887E6}
		{445E87D0-286E-42DE-8698-B06E9D160109} = {825D7E7E-95F4-40FC-BD7E-81A9C8E6E4A5}
		{4564AA76-0BF7-498C-BA88-49D2E94DA1A3} = {336EB7AF-D9D8-4B67-B731-C5B271240F82}
	EndGlobalSection
EndGlobal
